
Microsoft Visual Studio Solution File, Format Version 12.00
# Visual Studio Version 16
VisualStudioVersion = 16.0.28922.388
MinimumVisualStudioVersion = 10.0.40219.1
Project("{FAE04EC0-301F-11D3-BF4B-00C04F79EFBC}") = "InterestRatesTest", "InterestRatesTest\InterestRatesTest.csproj", "{F3B212F0-1E72-40AF-B7D8-012B70A9E9E6}"
EndProject
Project("{FAE04EC0-301F-11D3-BF4B-00C04F79EFBC}") = "InterestRatesTest.Test", "InterestRatesTest.Test\InterestRatesTest.Test.csproj", "{0DEB67ED-DFDC-4744-864A-9E7A8266AFB5}"
EndProject
Global
	GlobalSection(SolutionConfigurationPlatforms) = preSolution
		Debug|Any CPU = Debug|Any CPU
		Release|Any CPU = Release|Any CPU
	EndGlobalSection
	GlobalSection(ProjectConfigurationPlatforms) = postSolution
		{F3B212F0-1E72-40AF-B7D8-012B70A9E9E6}.Debug|Any CPU.ActiveCfg = Debug|Any CPU
		{F3B212F0-1E72-40AF-B7D8-012B70A9E9E6}.Debug|Any CPU.Build.0 = Debug|Any CPU
		{F3B212F0-1E72-40AF-B7D8-012B70A9E9E6}.Release|Any CPU.ActiveCfg = Release|Any CPU
		{F3B212F0-1E72-40AF-B7D8-012B70A9E9E6}.Release|Any CPU.Build.0 = Release|Any CPU
		{0DEB67ED-DFDC-4744-864A-9E7A8266AFB5}.Debug|Any CPU.ActiveCfg = Debug|Any CPU
		{0DEB67ED-DFDC-4744-864A-9E7A8266AFB5}.Debug|Any CPU.Build.0 = Debug|Any CPU
		{0DEB67ED-DFDC-4744-864A-9E7A8266AFB5}.Release|Any CPU.ActiveCfg = Release|Any CPU
		{0DEB67ED-DFDC-4744-864A-9E7A8266AFB5}.Release|Any CPU.Build.0 = Release|Any CPU
	EndGlobalSection
	GlobalSection(SolutionProperties) = preSolution
		HideSolutionNode = FALSE
	EndGlobalSection
	GlobalSection(ExtensibilityGlobals) = postSolution
		SolutionGuid = {61823416-9A85-4362-BABC-C90770124EB0}
	EndGlobalSection
EndGlobal
